
Microsoft Visual Studio Solution File, Format Version 12.00
# Visual Studio Version 16
VisualStudioVersion = 16.0.30114.105
MinimumVisualStudioVersion = 10.0.40219.1
Project("{FAE04EC0-301F-11D3-BF4B-00C04F79EFBC}") = "WebApi", "WebApi\WebApi.csproj", "{FB0CDC1A-8CB3-4464-AAE9-441E8503C3FD}"
EndProject
Project("{2150E333-8FDC-42A3-9474-1A3956D46DE8}") = "Tests", "Tests", "{FF2AB227-7D93-4986-AC0F-13DF2FD9D6C9}"
EndProject
Project("{FAE04EC0-301F-11D3-BF4B-00C04F79EFBC}") = "WebApi.UnitTests", "Tests\WebApi.UnitTests\WebApi.UnitTests.csproj", "{4C7373AE-9443-414C-92D7-0860DB14D9E7}"
EndProject
Global
	GlobalSection(SolutionConfigurationPlatforms) = preSolution
		Debug|Any CPU = Debug|Any CPU
		Debug|x64 = Debug|x64
		Debug|x86 = Debug|x86
		Release|Any CPU = Release|Any CPU
		Release|x64 = Release|x64
		Release|x86 = Release|x86
	EndGlobalSection
	GlobalSection(SolutionProperties) = preSolution
		HideSolutionNode = FALSE
	EndGlobalSection
	GlobalSection(ProjectConfigurationPlatforms) = postSolution
		{FB0CDC1A-8CB3-4464-AAE9-441E8503C3FD}.Debug|Any CPU.ActiveCfg = Debug|Any CPU
		{FB0CDC1A-8CB3-4464-AAE9-441E8503C3FD}.Debug|Any CPU.Build.0 = Debug|Any CPU
		{FB0CDC1A-8CB3-4464-AAE9-441E8503C3FD}.Debug|x64.ActiveCfg = Debug|Any CPU
		{FB0CDC1A-8CB3-4464-AAE9-441E8503C3FD}.Debug|x64.Build.0 = Debug|Any CPU
		{FB0CDC1A-8CB3-4464-AAE9-441E8503C3FD}.Debug|x86.ActiveCfg = Debug|Any CPU
		{FB0CDC1A-8CB3-4464-AAE9-441E8503C3FD}.Debug|x86.Build.0 = Debug|Any CPU
		{FB0CDC1A-8CB3-4464-AAE9-441E8503C3FD}.Release|Any CPU.ActiveCfg = Release|Any CPU
		{FB0CDC1A-8CB3-4464-AAE9-441E8503C3FD}.Release|Any CPU.Build.0 = Release|Any CPU
		{FB0CDC1A-8CB3-4464-AAE9-441E8503C3FD}.Release|x64.ActiveCfg = Release|Any CPU
		{FB0CDC1A-8CB3-4464-AAE9-441E8503C3FD}.Release|x64.Build.0 = Release|Any CPU
		{FB0CDC1A-8CB3-4464-AAE9-441E8503C3FD}.Release|x86.ActiveCfg = Release|Any CPU
		{FB0CDC1A-8CB3-4464-AAE9-441E8503C3FD}.Release|x86.Build.0 = Release|Any CPU
		{4C7373AE-9443-414C-92D7-0860DB14D9E7}.Debug|Any CPU.ActiveCfg = Debug|Any CPU
		{4C7373AE-9443-414C-92D7-0860DB14D9E7}.Debug|Any CPU.Build.0 = Debug|Any CPU
		{4C7373AE-9443-414C-92D7-0860DB14D9E7}.Debug|x64.ActiveCfg = Debug|Any CPU
		{4C7373AE-9443-414C-92D7-0860DB14D9E7}.Debug|x64.Build.0 = Debug|Any CPU
		{4C7373AE-9443-414C-92D7-0860DB14D9E7}.Debug|x86.ActiveCfg = Debug|Any CPU
		{4C7373AE-9443-414C-92D7-0860DB14D9E7}.Debug|x86.Build.0 = Debug|Any CPU
		{4C7373AE-9443-414C-92D7-0860DB14D9E7}.Release|Any CPU.ActiveCfg = Release|Any CPU
		{4C7373AE-9443-414C-92D7-0860DB14D9E7}.Release|Any CPU.Build.0 = Release|Any CPU
		{4C7373AE-9443-414C-92D7-0860DB14D9E7}.Release|x64.ActiveCfg = Release|Any CPU
		{4C7373AE-9443-414C-92D7-0860DB14D9E7}.Release|x64.Build.0 = Release|Any CPU
		{4C7373AE-9443-414C-92D7-0860DB14D9E7}.Release|x86.ActiveCfg = Release|Any CPU
		{4C7373AE-9443-414C-92D7-0860DB14D9E7}.Release|x86.Build.0 = Release|Any CPU
	EndGlobalSection
	GlobalSection(NestedProjects) = preSolution
		{4C7373AE-9443-414C-92D7-0860DB14D9E7} = {FF2AB227-7D93-4986-AC0F-13DF2FD9D6C9}
	EndGlobalSection
EndGlobal
